<Solution>
  <Folder Name="/Tests/">
    <Project Path="src/RpgTkoolSaveEditor.Model.Tests/RpgTkoolSaveEditor.Model.Tests.csproj" />
  </Folder>
  <Project Path="src/RpgTkoolSaveEditor.Model/RpgTkoolSaveEditor.Model.csproj" />
  <Project Path="src/RpgTkoolSaveEditor/RpgTkoolSaveEditor.csproj" />
</Solution>
