
Microsoft Visual Studio Solution File, Format Version 12.00
# Visual Studio Version 17
VisualStudioVersion = 17.14.36301.6
MinimumVisualStudioVersion = 10.0.40219.1
Project("{FAE04EC0-301F-11D3-BF4B-00C04F79EFBC}") = "RpgTkoolSaveEditor", "RpgTkoolSaveEditor\RpgTkoolSaveEditor.csproj", "{0888C9CB-645F-4986-B6CC-E14FB70B5547}"
EndProject
Project("{FAE04EC0-301F-11D3-BF4B-00C04F79EFBC}") = "RpgTkoolSaveEditor.Model", "RpgTkoolSaveEditor.Model\RpgTkoolSaveEditor.Model.csproj", "{1901CF53-9E5B-4922-A703-73FE902460B2}"
EndProject
Project("{FAE04EC0-301F-11D3-BF4B-00C04F79EFBC}") = "RpgTkoolSaveEditor.Model.Tests", "RpgTkoolSaveEditor.Model.Tests\RpgTkoolSaveEditor.Model.Tests.csproj", "{FB21A323-93E4-4364-B9B2-192DBAA8B564}"
EndProject
Global
	GlobalSection(SolutionConfigurationPlatforms) = preSolution
		Debug|Any CPU = Debug|Any CPU
		Release|Any CPU = Release|Any CPU
	EndGlobalSection
	GlobalSection(ProjectConfigurationPlatforms) = postSolution
		{0888C9CB-645F-4986-B6CC-E14FB70B5547}.Debug|Any CPU.ActiveCfg = Debug|Any CPU
		{0888C9CB-645F-4986-B6CC-E14FB70B5547}.Debug|Any CPU.Build.0 = Debug|Any CPU
		{0888C9CB-645F-4986-B6CC-E14FB70B5547}.Release|Any CPU.ActiveCfg = Release|Any CPU
		{0888C9CB-645F-4986-B6CC-E14FB70B5547}.Release|Any CPU.Build.0 = Release|Any CPU
		{1901CF53-9E5B-4922-A703-73FE902460B2}.Debug|Any CPU.ActiveCfg = Debug|Any CPU
		{1901CF53-9E5B-4922-A703-73FE902460B2}.Debug|Any CPU.Build.0 = Debug|Any CPU
		{1901CF53-9E5B-4922-A703-73FE902460B2}.Release|Any CPU.ActiveCfg = Release|Any CPU
		{1901CF53-9E5B-4922-A703-73FE902460B2}.Release|Any CPU.Build.0 = Release|Any CPU
		{FB21A323-93E4-4364-B9B2-192DBAA8B564}.Debug|Any CPU.ActiveCfg = Debug|Any CPU
		{FB21A323-93E4-4364-B9B2-192DBAA8B564}.Debug|Any CPU.Build.0 = Debug|Any CPU
		{FB21A323-93E4-4364-B9B2-192DBAA8B564}.Release|Any CPU.ActiveCfg = Release|Any CPU
		{FB21A323-93E4-4364-B9B2-192DBAA8B564}.Release|Any CPU.Build.0 = Release|Any CPU
	EndGlobalSection
	GlobalSection(SolutionProperties) = preSolution
		HideSolutionNode = FALSE
	EndGlobalSection
	GlobalSection(ExtensibilityGlobals) = postSolution
		SolutionGuid = {E25931C7-4BD1-450B-8D7E-7177B0DCE1B3}
	EndGlobalSection
EndGlobal
